{
  "name": "tcp",
  "version": "1.0.0",
  "lockfileVersion": 2,
  "requires": true,
  "packages": {
    "": {
      "name": "tcp",
      "version": "1.0.0",
      "license": "ISC",
      "dependencies": {
        "ntru-legacy": "^1.0.0",
        "split": "^1.0.1"
      }
    },
    "node_modules/ntru-legacy": {
      "version": "1.0.0",
      "resolved": "https://registry.npmjs.org/ntru-legacy/-/ntru-legacy-1.0.0.tgz",
      "integrity": "sha512-/9IwuLQDRJ17/2y/oA9jhaQIaKRZPIVR9uK6ZKPjjuKirtVKtqU+dKJ32NtVmgFnOJ8zcHNs5ui8Xs5PlJ7uVQ=="
    },
    "node_modules/split": {
      "version": "1.0.1",
      "resolved": "https://registry.npmjs.org/split/-/split-1.0.1.tgz",
      "integrity": "sha512-mTyOoPbrivtXnwnIxZRFYRrPNtEFKlpB2fvjSnCQUiAA6qAZzqwna5envK4uk6OIeP17CsdF3rSBGYVBsU0Tkg==",
      "dependencies": {
        "through": "2"
      },
      "engines": {
        "node": "*"
      }
    },
    "node_modules/through": {
      "version": "2.3.8",
      "resolved": "https://registry.npmjs.org/through/-/through-2.3.8.tgz",
      "integrity": "sha512-w89qg7PI8wAdvX60bMDP+bFoD5Dvhm9oLheFp5O4a2QF0cSBGsBX4qZmadPMvVqlLJBBci+WqGGOAPvcDeNSVg=="
    }
  },
  "dependencies": {
    "ntru-legacy": {
      "version": "1.0.0",
      "resolved": "https://registry.npmjs.org/ntru-legacy/-/ntru-legacy-1.0.0.tgz",
      "integrity": "sha512-/9IwuLQDRJ17/2y/oA9jhaQIaKRZPIVR9uK6ZKPjjuKirtVKtqU+dKJ32NtVmgFnOJ8zcHNs5ui8Xs5PlJ7uVQ=="
    },
    "split": {
      "version": "1.0.1",
      "resolved": "https://registry.npmjs.org/split/-/split-1.0.1.tgz",
      "integrity": "sha512-mTyOoPbrivtXnwnIxZRFYRrPNtEFKlpB2fvjSnCQUiAA6qAZzqwna5envK4uk6OIeP17CsdF3rSBGYVBsU0Tkg==",
      "requires": {
        "through": "2"
      }
    },
    "through": {
      "version": "2.3.8",
      "resolved": "https://registry.npmjs.org/through/-/through-2.3.8.tgz",
      "integrity": "sha512-w89qg7PI8wAdvX60bMDP+bFoD5Dvhm9oLheFp5O4a2QF0cSBGsBX4qZmadPMvVqlLJBBci+WqGGOAPvcDeNSVg=="
    }
  }
}
